
Microsoft Visual Studio Solution File, Format Version 12.00
# Visual Studio 15
Project("{FAE04EC0-301F-11D3-BF4B-00C04F79EFBC}") = "Assembly-CSharp", "Assembly-CSharp.csproj", "{B1A6525E-E639-36C4-0D81-DA3D4B2A5D51}"
EndProject
Project("{FAE04EC0-301F-11D3-BF4B-00C04F79EFBC}") = "Assembly-CSharp-firstpass", "Assembly-CSharp-firstpass.csproj", "{8F53C4D7-642E-EB87-ABF5-438579FD62D2}"
EndProject
Global
	GlobalSection(SolutionConfigurationPlatforms) = preSolution
		Debug|Any CPU = Debug|Any CPU
		Release|Any CPU = Release|Any CPU
	EndGlobalSection
	GlobalSection(ProjectConfigurationPlatforms) = postSolution
		{B1A6525E-E639-36C4-0D81-DA3D4B2A5D51}.Debug|Any CPU.ActiveCfg = Debug|Any CPU
		{B1A6525E-E639-36C4-0D81-DA3D4B2A5D51}.Debug|Any CPU.Build.0 = Debug|Any CPU
		{B1A6525E-E639-36C4-0D81-DA3D4B2A5D51}.Release|Any CPU.ActiveCfg = Release|Any CPU
		{B1A6525E-E639-36C4-0D81-DA3D4B2A5D51}.Release|Any CPU.Build.0 = Release|Any CPU
		{8F53C4D7-642E-EB87-ABF5-438579FD62D2}.Debug|Any CPU.ActiveCfg = Debug|Any CPU
		{8F53C4D7-642E-EB87-ABF5-438579FD62D2}.Debug|Any CPU.Build.0 = Debug|Any CPU
		{8F53C4D7-642E-EB87-ABF5-438579FD62D2}.Release|Any CPU.ActiveCfg = Release|Any CPU
		{8F53C4D7-642E-EB87-ABF5-438579FD62D2}.Release|Any CPU.Build.0 = Release|Any CPU
	EndGlobalSection
	GlobalSection(SolutionProperties) = preSolution
		HideSolutionNode = FALSE
	EndGlobalSection
EndGlobal
